// !$*UTF8*$!
{
	archiveVersion = 1;
	classes = {
	};
	objectVersion = 50;
	objects = {

/* Begin PBXBuildFile section */
		59F6477E219C8E1400C016FD /* MainViewController.swift in Sources */ = {isa = PBXBuildFile; fileRef = 59F6477C219C8E1400C016FD /* MainViewController.swift */; };
		59F6477F219C8E1400C016FD /* MainViewController.xib in Resources */ = {isa = PBXBuildFile; fileRef = 59F6477D219C8E1400C016FD /* MainViewController.xib */; };
		59F64782219C8E9F00C016FD /* SecondViewController.swift in Sources */ = {isa = PBXBuildFile; fileRef = 59F64780219C8E9E00C016FD /* SecondViewController.swift */; };
		59F64783219C8E9F00C016FD /* SecondViewController.xib in Resources */ = {isa = PBXBuildFile; fileRef = 59F64781219C8E9F00C016FD /* SecondViewController.xib */; };
		59F64786219C92E600C016FD /* Localizable.strings in Resources */ = {isa = PBXBuildFile; fileRef = 59F64788219C92E600C016FD /* Localizable.strings */; };
		CB8497D421444884002709D5 /* AppDelegate.swift in Sources */ = {isa = PBXBuildFile; fileRef = CB8497D321444884002709D5 /* AppDelegate.swift */; };
		CB8497DB21444886002709D5 /* Assets.xcassets in Resources */ = {isa = PBXBuildFile; fileRef = CB8497DA21444886002709D5 /* Assets.xcassets */; };
		CB8497DE21444886002709D5 /* LaunchScreen.storyboard in Resources */ = {isa = PBXBuildFile; fileRef = CB8497DC21444886002709D5 /* LaunchScreen.storyboard */; };
		CB8497E921444886002709D5 /* Demo_BitriseTests.swift in Sources */ = {isa = PBXBuildFile; fileRef = CB8497E821444886002709D5 /* Demo_BitriseTests.swift */; };
		CB8497F421444886002709D5 /* Demo_BitriseUITests.swift in Sources */ = {isa = PBXBuildFile; fileRef = CB8497F321444886002709D5 /* Demo_BitriseUITests.swift */; };
/* End PBXBuildFile section */

/* Begin PBXContainerItemProxy section */
		CB8497E521444886002709D5 /* PBXContainerItemProxy */ = {
			isa = PBXContainerItemProxy;
			containerPortal = CB8497C821444884002709D5 /* Project object */;
			proxyType = 1;
			remoteGlobalIDString = CB8497CF21444884002709D5;
			remoteInfo = "Demo Bitrise";
		};
		CB8497F021444886002709D5 /* PBXContainerItemProxy */ = {
			isa = PBXContainerItemProxy;
			containerPortal = CB8497C821444884002709D5 /* Project object */;
			proxyType = 1;
			remoteGlobalIDString = CB8497CF21444884002709D5;
			remoteInfo = "Demo Bitrise";
		};
/* End PBXContainerItemProxy section */

/* Begin PBXFileReference section */
		59F6477C219C8E1400C016FD /* MainViewController.swift */ = {isa = PBXFileReference; lastKnownFileType = sourcecode.swift; path = MainViewController.swift; sourceTree = "<group>"; };
		59F6477D219C8E1400C016FD /* MainViewController.xib */ = {isa = PBXFileReference; lastKnownFileType = file.xib; path = MainViewController.xib; sourceTree = "<group>"; };
		59F64780219C8E9E00C016FD /* SecondViewController.swift */ = {isa = PBXFileReference; lastKnownFileType = sourcecode.swift; path = SecondViewController.swift; sourceTree = "<group>"; };
		59F64781219C8E9F00C016FD /* SecondViewController.xib */ = {isa = PBXFileReference; lastKnownFileType = file.xib; path = SecondViewController.xib; sourceTree = "<group>"; };
		59F64787219C92E600C016FD /* en */ = {isa = PBXFileReference; lastKnownFileType = text.plist.strings; name = en; path = en.lproj/Localizable.strings; sourceTree = "<group>"; };
		59F64789219C933900C016FD /* es */ = {isa = PBXFileReference; lastKnownFileType = text.plist.strings; name = es; path = es.lproj/LaunchScreen.strings; sourceTree = "<group>"; };
		59F6478A219C933900C016FD /* es */ = {isa = PBXFileReference; lastKnownFileType = text.plist.strings; name = es; path = es.lproj/Localizable.strings; sourceTree = "<group>"; };
		CB8497D021444884002709D5 /* Demo Bitrise.app */ = {isa = PBXFileReference; explicitFileType = wrapper.application; includeInIndex = 0; path = "Demo Bitrise.app"; sourceTree = BUILT_PRODUCTS_DIR; };
		CB8497D321444884002709D5 /* AppDelegate.swift */ = {isa = PBXFileReference; lastKnownFileType = sourcecode.swift; path = AppDelegate.swift; sourceTree = "<group>"; };
		CB8497DA21444886002709D5 /* Assets.xcassets */ = {isa = PBXFileReference; lastKnownFileType = folder.assetcatalog; path = Assets.xcassets; sourceTree = "<group>"; };
		CB8497DD21444886002709D5 /* Base */ = {isa = PBXFileReference; lastKnownFileType = file.storyboard; name = Base; path = Base.lproj/LaunchScreen.storyboard; sourceTree = "<group>"; };
		CB8497DF21444886002709D5 /* Info.plist */ = {isa = PBXFileReference; lastKnownFileType = text.plist.xml; path = Info.plist; sourceTree = "<group>"; };
		CB8497E421444886002709D5 /* Demo BitriseTests.xctest */ = {isa = PBXFileReference; explicitFileType = wrapper.cfbundle; includeInIndex = 0; path = "Demo BitriseTests.xctest"; sourceTree = BUILT_PRODUCTS_DIR; };
		CB8497E821444886002709D5 /* Demo_BitriseTests.swift */ = {isa = PBXFileReference; lastKnownFileType = sourcecode.swift; path = Demo_BitriseTests.swift; sourceTree = "<group>"; };
		CB8497EA21444886002709D5 /* Info.plist */ = {isa = PBXFileReference; lastKnownFileType = text.plist.xml; path = Info.plist; sourceTree = "<group>"; };
		CB8497EF21444886002709D5 /* Demo BitriseUITests.xctest */ = {isa = PBXFileReference; explicitFileType = wrapper.cfbundle; includeInIndex = 0; path = "Demo BitriseUITests.xctest"; sourceTree = BUILT_PRODUCTS_DIR; };
		CB8497F321444886002709D5 /* Demo_BitriseUITests.swift */ = {isa = PBXFileReference; lastKnownFileType = sourcecode.swift; path = Demo_BitriseUITests.swift; sourceTree = "<group>"; };
		CB8497F521444886002709D5 /* Info.plist */ = {isa = PBXFileReference; lastKnownFileType = text.plist.xml; path = Info.plist; sourceTree = "<group>"; };
/* End PBXFileReference section */

/* Begin PBXFrameworksBuildPhase section */
		CB8497CD21444884002709D5 /* Frameworks */ = {
			isa = PBXFrameworksBuildPhase;
			buildActionMask = 2147483647;
			files = (
			);
			runOnlyForDeploymentPostprocessing = 0;
		};
		CB8497E121444886002709D5 /* Frameworks */ = {
			isa = PBXFrameworksBuildPhase;
			buildActionMask = 2147483647;
			files = (
			);
			runOnlyForDeploymentPostprocessing = 0;
		};
		CB8497EC21444886002709D5 /* Frameworks */ = {
			isa = PBXFrameworksBuildPhase;
			buildActionMask = 2147483647;
			files = (
			);
			runOnlyForDeploymentPostprocessing = 0;
		};
/* End PBXFrameworksBuildPhase section */

/* Begin PBXGroup section */
		CB8497C721444884002709D5 = {
			isa = PBXGroup;
			children = (
				CB8497D221444884002709D5 /* Demo Bitrise */,
				CB8497E721444886002709D5 /* Demo BitriseTests */,
				CB8497F221444886002709D5 /* Demo BitriseUITests */,
				CB8497D121444884002709D5 /* Products */,
			);
			sourceTree = "<group>";
		};
		CB8497D121444884002709D5 /* Products */ = {
			isa = PBXGroup;
			children = (
				CB8497D021444884002709D5 /* Demo Bitrise.app */,
				CB8497E421444886002709D5 /* Demo BitriseTests.xctest */,
				CB8497EF21444886002709D5 /* Demo BitriseUITests.xctest */,
			);
			name = Products;
			sourceTree = "<group>";
		};
		CB8497D221444884002709D5 /* Demo Bitrise */ = {
			isa = PBXGroup;
			children = (
				CB8497D321444884002709D5 /* AppDelegate.swift */,
				59F6477C219C8E1400C016FD /* MainViewController.swift */,
				59F6477D219C8E1400C016FD /* MainViewController.xib */,
				CB8497DA21444886002709D5 /* Assets.xcassets */,
				CB8497DC21444886002709D5 /* LaunchScreen.storyboard */,
				CB8497DF21444886002709D5 /* Info.plist */,
				59F64780219C8E9E00C016FD /* SecondViewController.swift */,
				59F64781219C8E9F00C016FD /* SecondViewController.xib */,
				59F64788219C92E600C016FD /* Localizable.strings */,
			);
			path = "Demo Bitrise";
			sourceTree = "<group>";
		};
		CB8497E721444886002709D5 /* Demo BitriseTests */ = {
			isa = PBXGroup;
			children = (
				CB8497E821444886002709D5 /* Demo_BitriseTests.swift */,
				CB8497EA21444886002709D5 /* Info.plist */,
			);
			path = "Demo BitriseTests";
			sourceTree = "<group>";
		};
		CB8497F221444886002709D5 /* Demo BitriseUITests */ = {
			isa = PBXGroup;
			children = (
				CB8497F321444886002709D5 /* Demo_BitriseUITests.swift */,
				CB8497F521444886002709D5 /* Info.plist */,
			);
			path = "Demo BitriseUITests";
			sourceTree = "<group>";
		};
/* End PBXGroup section */

/* Begin PBXNativeTarget section */
		CB8497CF21444884002709D5 /* Demo Bitrise */ = {
			isa = PBXNativeTarget;
			buildConfigurationList = CB8497F821444887002709D5 /* Build configuration list for PBXNativeTarget "Demo Bitrise" */;
			buildPhases = (
				CB8497CC21444884002709D5 /* Sources */,
				CB8497CD21444884002709D5 /* Frameworks */,
				CB8497CE21444884002709D5 /* Resources */,
			);
			buildRules = (
			);
			dependencies = (
			);
			name = "Demo Bitrise";
			productName = "Demo Bitrise";
			productReference = CB8497D021444884002709D5 /* Demo Bitrise.app */;
			productType = "com.apple.product-type.application";
		};
		CB8497E321444886002709D5 /* Demo BitriseTests */ = {
			isa = PBXNativeTarget;
			buildConfigurationList = CB8497FB21444887002709D5 /* Build configuration list for PBXNativeTarget "Demo BitriseTests" */;
			buildPhases = (
				CB8497E021444886002709D5 /* Sources */,
				CB8497E121444886002709D5 /* Frameworks */,
				CB8497E221444886002709D5 /* Resources */,
			);
			buildRules = (
			);
			dependencies = (
				CB8497E621444886002709D5 /* PBXTargetDependency */,
			);
			name = "Demo BitriseTests";
			productName = "Demo BitriseTests";
			productReference = CB8497E421444886002709D5 /* Demo BitriseTests.xctest */;
			productType = "com.apple.product-type.bundle.unit-test";
		};
		CB8497EE21444886002709D5 /* Demo BitriseUITests */ = {
			isa = PBXNativeTarget;
			buildConfigurationList = CB8497FE21444887002709D5 /* Build configuration list for PBXNativeTarget "Demo BitriseUITests" */;
			buildPhases = (
				CB8497EB21444886002709D5 /* Sources */,
				CB8497EC21444886002709D5 /* Frameworks */,
				CB8497ED21444886002709D5 /* Resources */,
			);
			buildRules = (
			);
			dependencies = (
				CB8497F121444886002709D5 /* PBXTargetDependency */,
			);
			name = "Demo BitriseUITests";
			productName = "Demo BitriseUITests";
			productReference = CB8497EF21444886002709D5 /* Demo BitriseUITests.xctest */;
			productType = "com.apple.product-type.bundle.ui-testing";
		};
/* End PBXNativeTarget section */

/* Begin PBXProject section */
		CB8497C821444884002709D5 /* Project object */ = {
			isa = PBXProject;
			attributes = {
				LastSwiftUpdateCheck = 0940;
				LastUpgradeCheck = 0940;
				ORGANIZATIONNAME = "Treasire Inc";
				TargetAttributes = {
					CB8497CF21444884002709D5 = {
						CreatedOnToolsVersion = 9.4;
					};
					CB8497E321444886002709D5 = {
						CreatedOnToolsVersion = 9.4;
						TestTargetID = CB8497CF21444884002709D5;
					};
					CB8497EE21444886002709D5 = {
						CreatedOnToolsVersion = 9.4;
						TestTargetID = CB8497CF21444884002709D5;
					};
				};
			};
			buildConfigurationList = CB8497CB21444884002709D5 /* Build configuration list for PBXProject "Demo Bitrise" */;
			compatibilityVersion = "Xcode 9.3";
			developmentRegion = en;
			hasScannedForEncodings = 0;
			knownRegions = (
				en,
				Base,
				es,
			);
			mainGroup = CB8497C721444884002709D5;
			productRefGroup = CB8497D121444884002709D5 /* Products */;
			projectDirPath = "";
			projectRoot = "";
			targets = (
				CB8497CF21444884002709D5 /* Demo Bitrise */,
				CB8497E321444886002709D5 /* Demo BitriseTests */,
				CB8497EE21444886002709D5 /* Demo BitriseUITests */,
			);
		};
/* End PBXProject section */

/* Begin PBXResourcesBuildPhase section */
		CB8497CE21444884002709D5 /* Resources */ = {
			isa = PBXResourcesBuildPhase;
			buildActionMask = 2147483647;
			files = (
				59F64783219C8E9F00C016FD /* SecondViewController.xib in Resources */,
				CB8497DE21444886002709D5 /* LaunchScreen.storyboard in Resources */,
				59F64786219C92E600C016FD /* Localizable.strings in Resources */,
				CB8497DB21444886002709D5 /* Assets.xcassets in Resources */,
				59F6477F219C8E1400C016FD /* MainViewController.xib in Resources */,
			);
			runOnlyForDeploymentPostprocessing = 0;
		};
		CB8497E221444886002709D5 /* Resources */ = {
			isa = PBXResourcesBuildPhase;
			buildActionMask = 2147483647;
			files = (
			);
			runOnlyForDeploymentPostprocessing = 0;
		};
		CB8497ED21444886002709D5 /* Resources */ = {
			isa = PBXResourcesBuildPhase;
			buildActionMask = 2147483647;
			files = (
			);
			runOnlyForDeploymentPostprocessing = 0;
		};
/* End PBXResourcesBuildPhase section */

/* Begin PBXSourcesBuildPhase section */
		CB8497CC21444884002709D5 /* Sources */ = {
			isa = PBXSourcesBuildPhase;
			buildActionMask = 2147483647;
			files = (
				59F64782219C8E9F00C016FD /* SecondViewController.swift in Sources */,
				59F6477E219C8E1400C016FD /* MainViewController.swift in Sources */,
				CB8497D421444884002709D5 /* AppDelegate.swift in Sources */,
			);
			runOnlyForDeploymentPostprocessing = 0;
		};
		CB8497E021444886002709D5 /* Sources */ = {
			isa = PBXSourcesBuildPhase;
			buildActionMask = 2147483647;
			files = (
				CB8497E921444886002709D5 /* Demo_BitriseTests.swift in Sources */,
			);
			runOnlyForDeploymentPostprocessing = 0;
		};
		CB8497EB21444886002709D5 /* Sources */ = {
			isa = PBXSourcesBuildPhase;
			buildActionMask = 2147483647;
			files = (
				CB8497F421444886002709D5 /* Demo_BitriseUITests.swift in Sources */,
			);
			runOnlyForDeploymentPostprocessing = 0;
		};
/* End PBXSourcesBuildPhase section */

/* Begin PBXTargetDependency section */
		CB8497E621444886002709D5 /* PBXTargetDependency */ = {
			isa = PBXTargetDependency;
			target = CB8497CF21444884002709D5 /* Demo Bitrise */;
			targetProxy = CB8497E521444886002709D5 /* PBXContainerItemProxy */;
		};
		CB8497F121444886002709D5 /* PBXTargetDependency */ = {
			isa = PBXTargetDependency;
			target = CB8497CF21444884002709D5 /* Demo Bitrise */;
			targetProxy = CB8497F021444886002709D5 /* PBXContainerItemProxy */;
		};
/* End PBXTargetDependency section */

/* Begin PBXVariantGroup section */
		59F64788219C92E600C016FD /* Localizable.strings */ = {
			isa = PBXVariantGroup;
			children = (
				59F64787219C92E600C016FD /* en */,
				59F6478A219C933900C016FD /* es */,
			);
			name = Localizable.strings;
			sourceTree = "<group>";
		};
		CB8497DC21444886002709D5 /* LaunchScreen.storyboard */ = {
			isa = PBXVariantGroup;
			children = (
				CB8497DD21444886002709D5 /* Base */,
				59F64789219C933900C016FD /* es */,
			);
			name = LaunchScreen.storyboard;
			sourceTree = "<group>";
		};
/* End PBXVariantGroup section */

/* Begin XCBuildConfiguration section */
		CB8497F621444886002709D5 /* Debug */ = {
			isa = XCBuildConfiguration;
			buildSettings = {
				ALWAYS_SEARCH_USER_PATHS = NO;
				CLANG_ANALYZER_LOCALIZABILITY_NONLOCALIZED = YES;
				CLANG_ANALYZER_NONNULL = YES;
				CLANG_ANALYZER_NUMBER_OBJECT_CONVERSION = YES_AGGRESSIVE;
				CLANG_CXX_LANGUAGE_STANDARD = "gnu++14";
				CLANG_CXX_LIBRARY = "libc++";
				CLANG_ENABLE_MODULES = YES;
				CLANG_ENABLE_OBJC_ARC = YES;
				CLANG_ENABLE_OBJC_WEAK = YES;
				CLANG_WARN_BLOCK_CAPTURE_AUTORELEASING = YES;
				CLANG_WARN_BOOL_CONVERSION = YES;
				CLANG_WARN_COMMA = YES;
				CLANG_WARN_CONSTANT_CONVERSION = YES;
				CLANG_WARN_DEPRECATED_OBJC_IMPLEMENTATIONS = YES;
				CLANG_WARN_DIRECT_OBJC_ISA_USAGE = YES_ERROR;
				CLANG_WARN_DOCUMENTATION_COMMENTS = YES;
				CLANG_WARN_EMPTY_BODY = YES;
				CLANG_WARN_ENUM_CONVERSION = YES;
				CLANG_WARN_INFINITE_RECURSION = YES;
				CLANG_WARN_INT_CONVERSION = YES;
				CLANG_WARN_NON_LITERAL_NULL_CONVERSION = YES;
				CLANG_WARN_OBJC_IMPLICIT_RETAIN_SELF = YES;
				CLANG_WARN_OBJC_LITERAL_CONVERSION = YES;
				CLANG_WARN_OBJC_ROOT_CLASS = YES_ERROR;
				CLANG_WARN_RANGE_LOOP_ANALYSIS = YES;
				CLANG_WARN_STRICT_PROTOTYPES = YES;
				CLANG_WARN_SUSPICIOUS_MOVE = YES;
				CLANG_WARN_UNGUARDED_AVAILABILITY = YES_AGGRESSIVE;
				CLANG_WARN_UNREACHABLE_CODE = YES;
				CLANG_WARN__DUPLICATE_METHOD_MATCH = YES;
				CODE_SIGN_IDENTITY = "iPhone Developer";
				COPY_PHASE_STRIP = NO;
				DEBUG_INFORMATION_FORMAT = dwarf;
				ENABLE_STRICT_OBJC_MSGSEND = YES;
				ENABLE_TESTABILITY = YES;
				GCC_C_LANGUAGE_STANDARD = gnu11;
				GCC_DYNAMIC_NO_PIC = NO;
				GCC_NO_COMMON_BLOCKS = YES;
				GCC_OPTIMIZATION_LEVEL = 0;
				GCC_PREPROCESSOR_DEFINITIONS = (
					"DEBUG=1",
					"$(inherited)",
				);
				GCC_WARN_64_TO_32_BIT_CONVERSION = YES;
				GCC_WARN_ABOUT_RETURN_TYPE = YES_ERROR;
				GCC_WARN_UNDECLARED_SELECTOR = YES;
				GCC_WARN_UNINITIALIZED_AUTOS = YES_AGGRESSIVE;
				GCC_WARN_UNUSED_FUNCTION = YES;
				GCC_WARN_UNUSED_VARIABLE = YES;
				IPHONEOS_DEPLOYMENT_TARGET = 11.4;
				MTL_ENABLE_DEBUG_INFO = YES;
				ONLY_ACTIVE_ARCH = YES;
				SDKROOT = iphoneos;
				SWIFT_ACTIVE_COMPILATION_CONDITIONS = DEBUG;
				SWIFT_OPTIMIZATION_LEVEL = "-Onone";
			};
			name = Debug;
		};
		CB8497F721444886002709D5 /* Release */ = {
			isa = XCBuildConfiguration;
			buildSettings = {
				ALWAYS_SEARCH_USER_PATHS = NO;
				CLANG_ANALYZER_LOCALIZABILITY_NONLOCALIZED = YES;
				CLANG_ANALYZER_NONNULL = YES;
				CLANG_ANALYZER_NUMBER_OBJECT_CONVERSION = YES_AGGRESSIVE;
				CLANG_CXX_LANGUAGE_STANDARD = "gnu++14";
				CLANG_CXX_LIBRARY = "libc++";
				CLANG_ENABLE_MODULES = YES;
				CLANG_ENABLE_OBJC_ARC = YES;
				CLANG_ENABLE_OBJC_WEAK = YES;
				CLANG_WARN_BLOCK_CAPTURE_AUTORELEASING = YES;
				CLANG_WARN_BOOL_CONVERSION = YES;
				CLANG_WARN_COMMA = YES;
				CLANG_WARN_CONSTANT_CONVERSION = YES;
				CLANG_WARN_DEPRECATED_OBJC_IMPLEMENTATIONS = YES;
				CLANG_WARN_DIRECT_OBJC_ISA_USAGE = YES_ERROR;
				CLANG_WARN_DOCUMENTATION_COMMENTS = YES;
				CLANG_WARN_EMPTY_BODY = YES;
				CLANG_WARN_ENUM_CONVERSION = YES;
				CLANG_WARN_INFINITE_RECURSION = YES;
				CLANG_WARN_INT_CONVERSION = YES;
				CLANG_WARN_NON_LITERAL_NULL_CONVERSION = YES;
				CLANG_WARN_OBJC_IMPLICIT_RETAIN_SELF = YES;
				CLANG_WARN_OBJC_LITERAL_CONVERSION = YES;
				CLANG_WARN_OBJC_ROOT_CLASS = YES_ERROR;
				CLANG_WARN_RANGE_LOOP_ANALYSIS = YES;
				CLANG_WARN_STRICT_PROTOTYPES = YES;
				CLANG_WARN_SUSPICIOUS_MOVE = YES;
				CLANG_WARN_UNGUARDED_AVAILABILITY = YES_AGGRESSIVE;
				CLANG_WARN_UNREACHABLE_CODE = YES;
				CLANG_WARN__DUPLICATE_METHOD_MATCH = YES;
				CODE_SIGN_IDENTITY = "iPhone Developer";
				COPY_PHASE_STRIP = NO;
				DEBUG_INFORMATION_FORMAT = "dwarf-with-dsym";
				ENABLE_NS_ASSERTIONS = NO;
				ENABLE_STRICT_OBJC_MSGSEND = YES;
				GCC_C_LANGUAGE_STANDARD = gnu11;
				GCC_NO_COMMON_BLOCKS = YES;
				GCC_WARN_64_TO_32_BIT_CONVERSION = YES;
				GCC_WARN_ABOUT_RETURN_TYPE = YES_ERROR;
				GCC_WARN_UNDECLARED_SELECTOR = YES;
				GCC_WARN_UNINITIALIZED_AUTOS = YES_AGGRESSIVE;
				GCC_WARN_UNUSED_FUNCTION = YES;
				GCC_WARN_UNUSED_VARIABLE = YES;
				IPHONEOS_DEPLOYMENT_TARGET = 11.4;
				MTL_ENABLE_DEBUG_INFO = NO;
				SDKROOT = iphoneos;
				SWIFT_COMPILATION_MODE = wholemodule;
				SWIFT_OPTIMIZATION_LEVEL = "-O";
				VALIDATE_PRODUCT = YES;
			};
			name = Release;
		};
		CB8497F921444887002709D5 /* Debug */ = {
			isa = XCBuildConfiguration;
			buildSettings = {
				ASSETCATALOG_COMPILER_APPICON_NAME = AppIcon;
				CODE_SIGN_IDENTITY = "iPhone Distribution";
				CODE_SIGN_STYLE = Manual;
				DEVELOPMENT_TEAM = Q7737AAR99;
				INFOPLIST_FILE = "Demo Bitrise/Info.plist";
				LD_RUNPATH_SEARCH_PATHS = (
					"$(inherited)",
					"@executable_path/Frameworks",
				);
				PRODUCT_BUNDLE_IDENTIFIER = "com.solidgear-projects.demobitrise";
				PRODUCT_NAME = "$(TARGET_NAME)";
				PROVISIONING_PROFILE = "1d1ca86c-2753-4801-98db-6f97df194a23";
				PROVISIONING_PROFILE_SPECIFIER = "Ad-Hoc Demo bitrise";
				SWIFT_VERSION = 4.0;
				TARGETED_DEVICE_FAMILY = "1,2";
			};
			name = Debug;
		};
		CB8497FA21444887002709D5 /* Release */ = {
			isa = XCBuildConfiguration;
			buildSettings = {
				ASSETCATALOG_COMPILER_APPICON_NAME = AppIcon;
				CODE_SIGN_IDENTITY = "iPhone Distribution";
				CODE_SIGN_STYLE = Manual;
				DEVELOPMENT_TEAM = Q7737AAR99;
				INFOPLIST_FILE = "Demo Bitrise/Info.plist";
				LD_RUNPATH_SEARCH_PATHS = (
					"$(inherited)",
					"@executable_path/Frameworks",
				);
				PRODUCT_BUNDLE_IDENTIFIER = "com.solidgear-projects.demobitrise";
				PRODUCT_NAME = "$(TARGET_NAME)";
				PROVISIONING_PROFILE = "1d1ca86c-2753-4801-98db-6f97df194a23";
				PROVISIONING_PROFILE_SPECIFIER = "Ad-Hoc Demo bitrise";
				SWIFT_VERSION = 4.0;
				TARGETED_DEVICE_FAMILY = "1,2";
			};
			name = Release;
		};
		CB8497FC21444887002709D5 /* Debug */ = {
			isa = XCBuildConfiguration;
			buildSettings = {
				ALWAYS_EMBED_SWIFT_STANDARD_LIBRARIES = YES;
				BUNDLE_LOADER = "$(TEST_HOST)";
				CODE_SIGN_STYLE = Automatic;
				DEVELOPMENT_TEAM = 57HCY88Y7P;
				INFOPLIST_FILE = "Demo BitriseTests/Info.plist";
				LD_RUNPATH_SEARCH_PATHS = (
					"$(inherited)",
					"@executable_path/Frameworks",
					"@loader_path/Frameworks",
				);
				PRODUCT_BUNDLE_IDENTIFIER = "com.solidgear-projects.demobitrise.Demo-BitriseTests";
				PRODUCT_NAME = "$(TARGET_NAME)";
				SWIFT_VERSION = 4.0;
				TARGETED_DEVICE_FAMILY = "1,2";
				TEST_HOST = "$(BUILT_PRODUCTS_DIR)/Demo Bitrise.app/Demo Bitrise";
			};
			name = Debug;
		};
		CB8497FD21444887002709D5 /* Release */ = {
			isa = XCBuildConfiguration;
			buildSettings = {
				ALWAYS_EMBED_SWIFT_STANDARD_LIBRARIES = YES;
				BUNDLE_LOADER = "$(TEST_HOST)";
				CODE_SIGN_STYLE = Automatic;
				DEVELOPMENT_TEAM = 57HCY88Y7P;
				INFOPLIST_FILE = "Demo BitriseTests/Info.plist";
				LD_RUNPATH_SEARCH_PATHS = (
					"$(inherited)",
					"@executable_path/Frameworks",
					"@loader_path/Frameworks",
				);
				PRODUCT_BUNDLE_IDENTIFIER = "com.solidgear-projects.demobitrise.Demo-BitriseTests";
				PRODUCT_NAME = "$(TARGET_NAME)";
				SWIFT_VERSION = 4.0;
				TARGETED_DEVICE_FAMILY = "1,2";
				TEST_HOST = "$(BUILT_PRODUCTS_DIR)/Demo Bitrise.app/Demo Bitrise";
			};
			name = Release;
		};
		CB8497FF21444887002709D5 /* Debug */ = {
			isa = XCBuildConfiguration;
			buildSettings = {
				ALWAYS_EMBED_SWIFT_STANDARD_LIBRARIES = YES;
				CODE_SIGN_STYLE = Automatic;
				DEVELOPMENT_TEAM = 57HCY88Y7P;
				INFOPLIST_FILE = "Demo BitriseUITests/Info.plist";
				LD_RUNPATH_SEARCH_PATHS = (
					"$(inherited)",
					"@executable_path/Frameworks",
					"@loader_path/Frameworks",
				);
				PRODUCT_BUNDLE_IDENTIFIER = "com.solidgear-projects.demobitrise.Demo-BitriseUITests";
				PRODUCT_NAME = "$(TARGET_NAME)";
				SWIFT_VERSION = 4.0;
				TARGETED_DEVICE_FAMILY = "1,2";
				TEST_TARGET_NAME = "Demo Bitrise";
			};
			name = Debug;
		};
		CB84980021444887002709D5 /* Release */ = {
			isa = XCBuildConfiguration;
			buildSettings = {
				ALWAYS_EMBED_SWIFT_STANDARD_LIBRARIES = YES;
				CODE_SIGN_STYLE = Automatic;
				DEVELOPMENT_TEAM = 57HCY88Y7P;
				INFOPLIST_FILE = "Demo BitriseUITests/Info.plist";
				LD_RUNPATH_SEARCH_PATHS = (
					"$(inherited)",
					"@executable_path/Frameworks",
					"@loader_path/Frameworks",
				);
				PRODUCT_BUNDLE_IDENTIFIER = "com.solidgear-projects.demobitrise.Demo-BitriseUITests";
				PRODUCT_NAME = "$(TARGET_NAME)";
				SWIFT_VERSION = 4.0;
				TARGETED_DEVICE_FAMILY = "1,2";
				TEST_TARGET_NAME = "Demo Bitrise";
			};
			name = Release;
		};
/* End XCBuildConfiguration section */

/* Begin XCConfigurationList section */
		CB8497CB21444884002709D5 /* Build configuration list for PBXProject "Demo Bitrise" */ = {
			isa = XCConfigurationList;
			buildConfigurations = (
				CB8497F621444886002709D5 /* Debug */,
				CB8497F721444886002709D5 /* Release */,
			);
			defaultConfigurationIsVisible = 0;
			defaultConfigurationName = Release;
		};
		CB8497F821444887002709D5 /* Build configuration list for PBXNativeTarget "Demo Bitrise" */ = {
			isa = XCConfigurationList;
			buildConfigurations = (
				CB8497F921444887002709D5 /* Debug */,
				CB8497FA21444887002709D5 /* Release */,
			);
			defaultConfigurationIsVisible = 0;
			defaultConfigurationName = Release;
		};
		CB8497FB21444887002709D5 /* Build configuration list for PBXNativeTarget "Demo BitriseTests" */ = {
			isa = XCConfigurationList;
			buildConfigurations = (
				CB8497FC21444887002709D5 /* Debug */,
				CB8497FD21444887002709D5 /* Release */,
			);
			defaultConfigurationIsVisible = 0;
			defaultConfigurationName = Release;
		};
		CB8497FE21444887002709D5 /* Build configuration list for PBXNativeTarget "Demo BitriseUITests" */ = {
			isa = XCConfigurationList;
			buildConfigurations = (
				CB8497FF21444887002709D5 /* Debug */,
				CB84980021444887002709D5 /* Release */,
			);
			defaultConfigurationIsVisible = 0;
			defaultConfigurationName = Release;
		};
/* End XCConfigurationList section */
	};
	rootObject = CB8497C821444884002709D5 /* Project object */;
}
